<?xml version="1.0" encoding="utf-8"?>
<Project ToolsVersion="17.0" xmlns="http://schemas.microsoft.com/developer/msbuild/2003">
  <ItemGroup>
    <CustomBuild Include="C:\Users\Alexsey\Desktop\My project\build\cpp-tests\CMakeFiles\a33ceb0994670fa4dfa6097b00b01e1e\RUN_TESTS_force.rule">
      <Filter>CMake Rules</Filter>
    </CustomBuild>
  </ItemGroup>
  <ItemGroup>
    <Filter Include="CMake Rules">
      <UniqueIdentifier>{733C06DA-D937-3B57-A7EA-3E264C7741B1}</UniqueIdentifier>
    </Filter>
  </ItemGroup>
</Project>
