<?xml version="1.0" encoding="utf-8"?>
<Project ToolsVersion="17.0" xmlns="http://schemas.microsoft.com/developer/msbuild/2003">
  <ItemGroup>
    <ClCompile Include="C:\Users\Alexsey\Desktop\My project\libs\cpp\src\Core.cpp">
      <Filter>Source Files</Filter>
    </ClCompile>
    <ClCompile Include="C:\Users\Alexsey\Desktop\My project\libs\cpp\src\PassThruCore.cpp">
      <Filter>Source Files</Filter>
    </ClCompile>
    <ClCompile Include="C:\Users\Alexsey\Desktop\My project\libs\cpp\src\PassThruSession.cpp">
      <Filter>Source Files</Filter>
    </ClCompile>
    <ClCompile Include="C:\Users\Alexsey\Desktop\My project\libs\cpp\src\PassThruSessionManager.cpp">
      <Filter>Source Files</Filter>
    </ClCompile>
    <ClCompile Include="C:\Users\Alexsey\Desktop\My project\libs\cpp\src\LoopbackTransport.cpp">
      <Filter>Source Files</Filter>
    </ClCompile>
    <ClCompile Include="C:\Users\Alexsey\Desktop\My project\libs\cpp\src\PassThruExports.cpp">
      <Filter>Source Files</Filter>
    </ClCompile>
  </ItemGroup>
  <ItemGroup>
    <CustomBuild Include="C:\Users\Alexsey\Desktop\My project\libs\cpp\CMakeLists.txt" />
  </ItemGroup>
  <ItemGroup>
    <Filter Include="Source Files">
      <UniqueIdentifier>{00B2488E-67EB-3ED6-885E-4836C2F37EC2}</UniqueIdentifier>
    </Filter>
  </ItemGroup>
</Project>
